// !$*UTF8*$!
{
	archiveVersion = 1;
	classes = {
	};
	objectVersion = 48;
	objects = {

/* Begin PBXBuildFile section */
		FA22C1FC207E018C0020B46C /* ChatLib.framework in Frameworks */ = {isa = PBXBuildFile; fileRef = FA22C1F2207E018C0020B46C /* ChatLib.framework */; };
		FA22C201207E018C0020B46C /* ChatLibTests.swift in Sources */ = {isa = PBXBuildFile; fileRef = FA22C200207E018C0020B46C /* ChatLibTests.swift */; };
		FA22C203207E018C0020B46C /* ChatLib.h in Headers */ = {isa = PBXBuildFile; fileRef = FA22C1F5207E018C0020B46C /* ChatLib.h */; settings = {ATTRIBUTES = (Public, ); }; };
		FA22C20D207E01D40020B46C /* TestChat.swift in Sources */ = {isa = PBXBuildFile; fileRef = FA22C20C207E01D40020B46C /* TestChat.swift */; };
/* End PBXBuildFile section */

/* Begin PBXContainerItemProxy section */
		FA22C1FD207E018C0020B46C /* PBXContainerItemProxy */ = {
			isa = PBXContainerItemProxy;
			containerPortal = FA22C1E9207E018C0020B46C /* Project object */;
			proxyType = 1;
			remoteGlobalIDString = FA22C1F1207E018C0020B46C;
			remoteInfo = ChatLib;
		};
/* End PBXContainerItemProxy section */

/* Begin PBXFileReference section */
		FA22C1F2207E018C0020B46C /* ChatLib.framework */ = {isa = PBXFileReference; explicitFileType = wrapper.framework; includeInIndex = 0; path = ChatLib.framework; sourceTree = BUILT_PRODUCTS_DIR; };
		FA22C1F5207E018C0020B46C /* ChatLib.h */ = {isa = PBXFileReference; lastKnownFileType = sourcecode.c.h; path = ChatLib.h; sourceTree = "<group>"; };
		FA22C1F6207E018C0020B46C /* Info.plist */ = {isa = PBXFileReference; lastKnownFileType = text.plist.xml; path = Info.plist; sourceTree = "<group>"; };
		FA22C1FB207E018C0020B46C /* ChatLibTests.xctest */ = {isa = PBXFileReference; explicitFileType = wrapper.cfbundle; includeInIndex = 0; path = ChatLibTests.xctest; sourceTree = BUILT_PRODUCTS_DIR; };
		FA22C200207E018C0020B46C /* ChatLibTests.swift */ = {isa = PBXFileReference; lastKnownFileType = sourcecode.swift; path = ChatLibTests.swift; sourceTree = "<group>"; };
		FA22C202207E018C0020B46C /* Info.plist */ = {isa = PBXFileReference; lastKnownFileType = text.plist.xml; path = Info.plist; sourceTree = "<group>"; };
		FA22C20C207E01D40020B46C /* TestChat.swift */ = {isa = PBXFileReference; lastKnownFileType = sourcecode.swift; path = TestChat.swift; sourceTree = "<group>"; };
/* End PBXFileReference section */

/* Begin PBXFrameworksBuildPhase section */
		FA22C1EE207E018C0020B46C /* Frameworks */ = {
			isa = PBXFrameworksBuildPhase;
			buildActionMask = 2147483647;
			files = (
			);
			runOnlyForDeploymentPostprocessing = 0;
		};
		FA22C1F8207E018C0020B46C /* Frameworks */ = {
			isa = PBXFrameworksBuildPhase;
			buildActionMask = 2147483647;
			files = (
				FA22C1FC207E018C0020B46C /* ChatLib.framework in Frameworks */,
			);
			runOnlyForDeploymentPostprocessing = 0;
		};
/* End PBXFrameworksBuildPhase section */

/* Begin PBXGroup section */
		FA22C1E8207E018C0020B46C = {
			isa = PBXGroup;
			children = (
				FA22C1F4207E018C0020B46C /* ChatLib */,
				FA22C1FF207E018C0020B46C /* ChatLibTests */,
				FA22C1F3207E018C0020B46C /* Products */,
			);
			sourceTree = "<group>";
		};
		FA22C1F3207E018C0020B46C /* Products */ = {
			isa = PBXGroup;
			children = (
				FA22C1F2207E018C0020B46C /* ChatLib.framework */,
				FA22C1FB207E018C0020B46C /* ChatLibTests.xctest */,
			);
			name = Products;
			sourceTree = "<group>";
		};
		FA22C1F4207E018C0020B46C /* ChatLib */ = {
			isa = PBXGroup;
			children = (
				FA22C1F5207E018C0020B46C /* ChatLib.h */,
				FA22C1F6207E018C0020B46C /* Info.plist */,
				FA22C20C207E01D40020B46C /* TestChat.swift */,
			);
			path = ChatLib;
			sourceTree = "<group>";
		};
		FA22C1FF207E018C0020B46C /* ChatLibTests */ = {
			isa = PBXGroup;
			children = (
				FA22C200207E018C0020B46C /* ChatLibTests.swift */,
				FA22C202207E018C0020B46C /* Info.plist */,
			);
			path = ChatLibTests;
			sourceTree = "<group>";
		};
/* End PBXGroup section */

/* Begin PBXHeadersBuildPhase section */
		FA22C1EF207E018C0020B46C /* Headers */ = {
			isa = PBXHeadersBuildPhase;
			buildActionMask = 2147483647;
			files = (
				FA22C203207E018C0020B46C /* ChatLib.h in Headers */,
			);
			runOnlyForDeploymentPostprocessing = 0;
		};
/* End PBXHeadersBuildPhase section */

/* Begin PBXNativeTarget section */
		FA22C1F1207E018C0020B46C /* ChatLib */ = {
			isa = PBXNativeTarget;
			buildConfigurationList = FA22C206207E018C0020B46C /* Build configuration list for PBXNativeTarget "ChatLib" */;
			buildPhases = (
				FA22C1ED207E018C0020B46C /* Sources */,
				FA22C1EE207E018C0020B46C /* Frameworks */,
				FA22C1EF207E018C0020B46C /* Headers */,
				FA22C1F0207E018C0020B46C /* Resources */,
			);
			buildRules = (
			);
			dependencies = (
			);
			name = ChatLib;
			productName = ChatLib;
			productReference = FA22C1F2207E018C0020B46C /* ChatLib.framework */;
			productType = "com.apple.product-type.framework";
		};
		FA22C1FA207E018C0020B46C /* ChatLibTests */ = {
			isa = PBXNativeTarget;
			buildConfigurationList = FA22C209207E018C0020B46C /* Build configuration list for PBXNativeTarget "ChatLibTests" */;
			buildPhases = (
				FA22C1F7207E018C0020B46C /* Sources */,
				FA22C1F8207E018C0020B46C /* Frameworks */,
				FA22C1F9207E018C0020B46C /* Resources */,
			);
			buildRules = (
			);
			dependencies = (
				FA22C1FE207E018C0020B46C /* PBXTargetDependency */,
			);
			name = ChatLibTests;
			productName = ChatLibTests;
			productReference = FA22C1FB207E018C0020B46C /* ChatLibTests.xctest */;
			productType = "com.apple.product-type.bundle.unit-test";
		};
/* End PBXNativeTarget section */

/* Begin PBXProject section */
		FA22C1E9207E018C0020B46C /* Project object */ = {
			isa = PBXProject;
			attributes = {
				LastSwiftUpdateCheck = 0900;
				LastUpgradeCheck = 0900;
				ORGANIZATIONNAME = TRIMECH;
				TargetAttributes = {
					FA22C1F1207E018C0020B46C = {
						CreatedOnToolsVersion = 9.0.1;
						LastSwiftMigration = 0900;
						ProvisioningStyle = Automatic;
					};
					FA22C1FA207E018C0020B46C = {
						CreatedOnToolsVersion = 9.0.1;
						ProvisioningStyle = Automatic;
					};
				};
			};
			buildConfigurationList = FA22C1EC207E018C0020B46C /* Build configuration list for PBXProject "ChatLib" */;
			compatibilityVersion = "Xcode 8.0";
			developmentRegion = en;
			hasScannedForEncodings = 0;
			knownRegions = (
				en,
			);
			mainGroup = FA22C1E8207E018C0020B46C;
			productRefGroup = FA22C1F3207E018C0020B46C /* Products */;
			projectDirPath = "";
			projectRoot = "";
			targets = (
				FA22C1F1207E018C0020B46C /* ChatLib */,
				FA22C1FA207E018C0020B46C /* ChatLibTests */,
			);
		};
/* End PBXProject section */

/* Begin PBXResourcesBuildPhase section */
		FA22C1F0207E018C0020B46C /* Resources */ = {
			isa = PBXResourcesBuildPhase;
			buildActionMask = 2147483647;
			files = (
			);
			runOnlyForDeploymentPostprocessing = 0;
		};
		FA22C1F9207E018C0020B46C /* Resources */ = {
			isa = PBXResourcesBuildPhase;
			buildActionMask = 2147483647;
			files = (
			);
			runOnlyForDeploymentPostprocessing = 0;
		};
/* End PBXResourcesBuildPhase section */

/* Begin PBXSourcesBuildPhase section */
		FA22C1ED207E018C0020B46C /* Sources */ = {
			isa = PBXSourcesBuildPhase;
			buildActionMask = 2147483647;
			files = (
				FA22C20D207E01D40020B46C /* TestChat.swift in Sources */,
			);
			runOnlyForDeploymentPostprocessing = 0;
		};
		FA22C1F7207E018C0020B46C /* Sources */ = {
			isa = PBXSourcesBuildPhase;
			buildActionMask = 2147483647;
			files = (
				FA22C201207E018C0020B46C /* ChatLibTests.swift in Sources */,
			);
			runOnlyForDeploymentPostprocessing = 0;
		};
/* End PBXSourcesBuildPhase section */

/* Begin PBXTargetDependency section */
		FA22C1FE207E018C0020B46C /* PBXTargetDependency */ = {
			isa = PBXTargetDependency;
			target = FA22C1F1207E018C0020B46C /* ChatLib */;
			targetProxy = FA22C1FD207E018C0020B46C /* PBXContainerItemProxy */;
		};
/* End PBXTargetDependency section */

/* Begin XCBuildConfiguration section */
		FA22C204207E018C0020B46C /* Debug */ = {
			isa = XCBuildConfiguration;
			buildSettings = {
				ALWAYS_SEARCH_USER_PATHS = NO;
				CLANG_ANALYZER_NONNULL = YES;
				CLANG_ANALYZER_NUMBER_OBJECT_CONVERSION = YES_AGGRESSIVE;
				CLANG_CXX_LANGUAGE_STANDARD = "gnu++14";
				CLANG_CXX_LIBRARY = "libc++";
				CLANG_ENABLE_MODULES = YES;
				CLANG_ENABLE_OBJC_ARC = YES;
				CLANG_WARN_BLOCK_CAPTURE_AUTORELEASING = YES;
				CLANG_WARN_BOOL_CONVERSION = YES;
				CLANG_WARN_COMMA = YES;
				CLANG_WARN_CONSTANT_CONVERSION = YES;
				CLANG_WARN_DIRECT_OBJC_ISA_USAGE = YES_ERROR;
				CLANG_WARN_DOCUMENTATION_COMMENTS = YES;
				CLANG_WARN_EMPTY_BODY = YES;
				CLANG_WARN_ENUM_CONVERSION = YES;
				CLANG_WARN_INFINITE_RECURSION = YES;
				CLANG_WARN_INT_CONVERSION = YES;
				CLANG_WARN_NON_LITERAL_NULL_CONVERSION = YES;
				CLANG_WARN_OBJC_LITERAL_CONVERSION = YES;
				CLANG_WARN_OBJC_ROOT_CLASS = YES_ERROR;
				CLANG_WARN_RANGE_LOOP_ANALYSIS = YES;
				CLANG_WARN_STRICT_PROTOTYPES = YES;
				CLANG_WARN_SUSPICIOUS_MOVE = YES;
				CLANG_WARN_UNGUARDED_AVAILABILITY = YES_AGGRESSIVE;
				CLANG_WARN_UNREACHABLE_CODE = YES;
				CLANG_WARN__DUPLICATE_METHOD_MATCH = YES;
				CODE_SIGN_IDENTITY = "iPhone Developer";
				COPY_PHASE_STRIP = NO;
				CURRENT_PROJECT_VERSION = 1;
				DEBUG_INFORMATION_FORMAT = dwarf;
				ENABLE_STRICT_OBJC_MSGSEND = YES;
				ENABLE_TESTABILITY = YES;
				GCC_C_LANGUAGE_STANDARD = gnu11;
				GCC_DYNAMIC_NO_PIC = NO;
				GCC_NO_COMMON_BLOCKS = YES;
				GCC_OPTIMIZATION_LEVEL = 0;
				GCC_PREPROCESSOR_DEFINITIONS = (
					"DEBUG=1",
					"$(inherited)",
				);
				GCC_WARN_64_TO_32_BIT_CONVERSION = YES;
				GCC_WARN_ABOUT_RETURN_TYPE = YES_ERROR;
				GCC_WARN_UNDECLARED_SELECTOR = YES;
				GCC_WARN_UNINITIALIZED_AUTOS = YES_AGGRESSIVE;
				GCC_WARN_UNUSED_FUNCTION = YES;
				GCC_WARN_UNUSED_VARIABLE = YES;
				IPHONEOS_DEPLOYMENT_TARGET = 11.0;
				MTL_ENABLE_DEBUG_INFO = YES;
				ONLY_ACTIVE_ARCH = YES;
				SDKROOT = iphoneos;
				SWIFT_ACTIVE_COMPILATION_CONDITIONS = DEBUG;
				SWIFT_OPTIMIZATION_LEVEL = "-Onone";
				VERSIONING_SYSTEM = "apple-generic";
				VERSION_INFO_PREFIX = "";
			};
			name = Debug;
		};
		FA22C205207E018C0020B46C /* Release */ = {
			isa = XCBuildConfiguration;
			buildSettings = {
				ALWAYS_SEARCH_USER_PATHS = NO;
				CLANG_ANALYZER_NONNULL = YES;
				CLANG_ANALYZER_NUMBER_OBJECT_CONVERSION = YES_AGGRESSIVE;
				CLANG_CXX_LANGUAGE_STANDARD = "gnu++14";
				CLANG_CXX_LIBRARY = "libc++";
				CLANG_ENABLE_MODULES = YES;
				CLANG_ENABLE_OBJC_ARC = YES;
				CLANG_WARN_BLOCK_CAPTURE_AUTORELEASING = YES;
				CLANG_WARN_BOOL_CONVERSION = YES;
				CLANG_WARN_COMMA = YES;
				CLANG_WARN_CONSTANT_CONVERSION = YES;
				CLANG_WARN_DIRECT_OBJC_ISA_USAGE = YES_ERROR;
				CLANG_WARN_DOCUMENTATION_COMMENTS = YES;
				CLANG_WARN_EMPTY_BODY = YES;
				CLANG_WARN_ENUM_CONVERSION = YES;
				CLANG_WARN_INFINITE_RECURSION = YES;
				CLANG_WARN_INT_CONVERSION = YES;
				CLANG_WARN_NON_LITERAL_NULL_CONVERSION = YES;
				CLANG_WARN_OBJC_LITERAL_CONVERSION = YES;
				CLANG_WARN_OBJC_ROOT_CLASS = YES_ERROR;
				CLANG_WARN_RANGE_LOOP_ANALYSIS = YES;
				CLANG_WARN_STRICT_PROTOTYPES = YES;
				CLANG_WARN_SUSPICIOUS_MOVE = YES;
				CLANG_WARN_UNGUARDED_AVAILABILITY = YES_AGGRESSIVE;
				CLANG_WARN_UNREACHABLE_CODE = YES;
				CLANG_WARN__DUPLICATE_METHOD_MATCH = YES;
				CODE_SIGN_IDENTITY = "iPhone Developer";
				COPY_PHASE_STRIP = NO;
				CURRENT_PROJECT_VERSION = 1;
				DEBUG_INFORMATION_FORMAT = "dwarf-with-dsym";
				ENABLE_NS_ASSERTIONS = NO;
				ENABLE_STRICT_OBJC_MSGSEND = YES;
				GCC_C_LANGUAGE_STANDARD = gnu11;
				GCC_NO_COMMON_BLOCKS = YES;
				GCC_WARN_64_TO_32_BIT_CONVERSION = YES;
				GCC_WARN_ABOUT_RETURN_TYPE = YES_ERROR;
				GCC_WARN_UNDECLARED_SELECTOR = YES;
				GCC_WARN_UNINITIALIZED_AUTOS = YES_AGGRESSIVE;
				GCC_WARN_UNUSED_FUNCTION = YES;
				GCC_WARN_UNUSED_VARIABLE = YES;
				IPHONEOS_DEPLOYMENT_TARGET = 11.0;
				MTL_ENABLE_DEBUG_INFO = NO;
				SDKROOT = iphoneos;
				SWIFT_OPTIMIZATION_LEVEL = "-Owholemodule";
				VALIDATE_PRODUCT = YES;
				VERSIONING_SYSTEM = "apple-generic";
				VERSION_INFO_PREFIX = "";
			};
			name = Release;
		};
		FA22C207207E018C0020B46C /* Debug */ = {
			isa = XCBuildConfiguration;
			buildSettings = {
				CLANG_ENABLE_MODULES = YES;
				CODE_SIGN_IDENTITY = "";
				CODE_SIGN_STYLE = Automatic;
				DEFINES_MODULE = YES;
				DYLIB_COMPATIBILITY_VERSION = 1;
				DYLIB_CURRENT_VERSION = 1;
				DYLIB_INSTALL_NAME_BASE = "@rpath";
				INFOPLIST_FILE = ChatLib/Info.plist;
				INSTALL_PATH = "$(LOCAL_LIBRARY_DIR)/Frameworks";
				LD_RUNPATH_SEARCH_PATHS = "$(inherited) @executable_path/Frameworks @loader_path/Frameworks";
				PRODUCT_BUNDLE_IDENTIFIER = com.sayer.ChatLib;
				PRODUCT_NAME = "$(TARGET_NAME:c99extidentifier)";
				SKIP_INSTALL = YES;
				SWIFT_OPTIMIZATION_LEVEL = "-Onone";
				SWIFT_VERSION = 4.0;
				TARGETED_DEVICE_FAMILY = "1,2";
			};
			name = Debug;
		};
		FA22C208207E018C0020B46C /* Release */ = {
			isa = XCBuildConfiguration;
			buildSettings = {
				CLANG_ENABLE_MODULES = YES;
				CODE_SIGN_IDENTITY = "";
				CODE_SIGN_STYLE = Automatic;
				DEFINES_MODULE = YES;
				DYLIB_COMPATIBILITY_VERSION = 1;
				DYLIB_CURRENT_VERSION = 1;
				DYLIB_INSTALL_NAME_BASE = "@rpath";
				INFOPLIST_FILE = ChatLib/Info.plist;
				INSTALL_PATH = "$(LOCAL_LIBRARY_DIR)/Frameworks";
				LD_RUNPATH_SEARCH_PATHS = "$(inherited) @executable_path/Frameworks @loader_path/Frameworks";
				PRODUCT_BUNDLE_IDENTIFIER = com.sayer.ChatLib;
				PRODUCT_NAME = "$(TARGET_NAME:c99extidentifier)";
				SKIP_INSTALL = YES;
				SWIFT_VERSION = 4.0;
				TARGETED_DEVICE_FAMILY = "1,2";
			};
			name = Release;
		};
		FA22C20A207E018C0020B46C /* Debug */ = {
			isa = XCBuildConfiguration;
			buildSettings = {
				ALWAYS_EMBED_SWIFT_STANDARD_LIBRARIES = YES;
				CODE_SIGN_STYLE = Automatic;
				INFOPLIST_FILE = ChatLibTests/Info.plist;
				LD_RUNPATH_SEARCH_PATHS = "$(inherited) @executable_path/Frameworks @loader_path/Frameworks";
				PRODUCT_BUNDLE_IDENTIFIER = com.sayer.ChatLibTests;
				PRODUCT_NAME = "$(TARGET_NAME)";
				SWIFT_VERSION = 4.0;
				TARGETED_DEVICE_FAMILY = "1,2";
			};
			name = Debug;
		};
		FA22C20B207E018C0020B46C /* Release */ = {
			isa = XCBuildConfiguration;
			buildSettings = {
				ALWAYS_EMBED_SWIFT_STANDARD_LIBRARIES = YES;
				CODE_SIGN_STYLE = Automatic;
				INFOPLIST_FILE = ChatLibTests/Info.plist;
				LD_RUNPATH_SEARCH_PATHS = "$(inherited) @executable_path/Frameworks @loader_path/Frameworks";
				PRODUCT_BUNDLE_IDENTIFIER = com.sayer.ChatLibTests;
				PRODUCT_NAME = "$(TARGET_NAME)";
				SWIFT_VERSION = 4.0;
				TARGETED_DEVICE_FAMILY = "1,2";
			};
			name = Release;
		};
/* End XCBuildConfiguration section */

/* Begin XCConfigurationList section */
		FA22C1EC207E018C0020B46C /* Build configuration list for PBXProject "ChatLib" */ = {
			isa = XCConfigurationList;
			buildConfigurations = (
				FA22C204207E018C0020B46C /* Debug */,
				FA22C205207E018C0020B46C /* Release */,
			);
			defaultConfigurationIsVisible = 0;
			defaultConfigurationName = Release;
		};
		FA22C206207E018C0020B46C /* Build configuration list for PBXNativeTarget "ChatLib" */ = {
			isa = XCConfigurationList;
			buildConfigurations = (
				FA22C207207E018C0020B46C /* Debug */,
				FA22C208207E018C0020B46C /* Release */,
			);
			defaultConfigurationIsVisible = 0;
			defaultConfigurationName = Release;
		};
		FA22C209207E018C0020B46C /* Build configuration list for PBXNativeTarget "ChatLibTests" */ = {
			isa = XCConfigurationList;
			buildConfigurations = (
				FA22C20A207E018C0020B46C /* Debug */,
				FA22C20B207E018C0020B46C /* Release */,
			);
			defaultConfigurationIsVisible = 0;
			defaultConfigurationName = Release;
		};
/* End XCConfigurationList section */
	};
	rootObject = FA22C1E9207E018C0020B46C /* Project object */;
}
